
Microsoft Visual Studio Solution File, Format Version 12.00
# Visual Studio 2013
VisualStudioVersion = 12.0.30501.0
MinimumVisualStudioVersion = 10.0.40219.1
Project("{FAE04EC0-301F-11D3-BF4B-00C04F79EFBC}") = "LoganBoyter.Web", "LoganBoyter.Web\LoganBoyter.Web.csproj", "{A05D4DAF-325C-4B47-AD96-AAAD49EE0D3E}"
EndProject
Project("{2150E333-8FDC-42A3-9474-1A3956D46DE8}") = "PublishScripts", "PublishScripts", "{F6B160B9-A2DF-4DC6-B82B-94E178DB95EC}"
	ProjectSection(SolutionItems) = preProject
		PublishScripts\AzureWebsitePublishModule.psm1 = PublishScripts\AzureWebsitePublishModule.psm1
		PublishScripts\Publish-WebApplicationWebsite.ps1 = PublishScripts\Publish-WebApplicationWebsite.ps1
	EndProjectSection
EndProject
Project("{2150E333-8FDC-42A3-9474-1A3956D46DE8}") = "Configurations", "Configurations", "{F5D14C2E-892B-4EA1-B74E-9533339FBEB3}"
	ProjectSection(SolutionItems) = preProject
		PublishScripts\Configurations\LoganBoyterWeb-WAWS-dev.json = PublishScripts\Configurations\LoganBoyterWeb-WAWS-dev.json
	EndProjectSection
EndProject
Project("{FAE04EC0-301F-11D3-BF4B-00C04F79EFBC}") = "LoganBoyter.Data", "LoganBoyter.Data\LoganBoyter.Data.csproj", "{F62C3EC7-2752-44B4-BEFD-387BCDFEB82D}"
EndProject
Project("{FAE04EC0-301F-11D3-BF4B-00C04F79EFBC}") = "LoganBoyter.Data.Models", "LoganBoyter.Data.Models\LoganBoyter.Data.Models.csproj", "{550D97AC-CE23-4E59-864E-91C49E046201}"
EndProject
Global
	GlobalSection(SolutionConfigurationPlatforms) = preSolution
		Debug|Any CPU = Debug|Any CPU
		Release|Any CPU = Release|Any CPU
	EndGlobalSection
	GlobalSection(ProjectConfigurationPlatforms) = postSolution
		{A05D4DAF-325C-4B47-AD96-AAAD49EE0D3E}.Debug|Any CPU.ActiveCfg = Debug|Any CPU
		{A05D4DAF-325C-4B47-AD96-AAAD49EE0D3E}.Debug|Any CPU.Build.0 = Debug|Any CPU
		{A05D4DAF-325C-4B47-AD96-AAAD49EE0D3E}.Release|Any CPU.ActiveCfg = Release|Any CPU
		{A05D4DAF-325C-4B47-AD96-AAAD49EE0D3E}.Release|Any CPU.Build.0 = Release|Any CPU
		{F62C3EC7-2752-44B4-BEFD-387BCDFEB82D}.Debug|Any CPU.ActiveCfg = Debug|Any CPU
		{F62C3EC7-2752-44B4-BEFD-387BCDFEB82D}.Debug|Any CPU.Build.0 = Debug|Any CPU
		{F62C3EC7-2752-44B4-BEFD-387BCDFEB82D}.Release|Any CPU.ActiveCfg = Release|Any CPU
		{F62C3EC7-2752-44B4-BEFD-387BCDFEB82D}.Release|Any CPU.Build.0 = Release|Any CPU
		{550D97AC-CE23-4E59-864E-91C49E046201}.Debug|Any CPU.ActiveCfg = Debug|Any CPU
		{550D97AC-CE23-4E59-864E-91C49E046201}.Debug|Any CPU.Build.0 = Debug|Any CPU
		{550D97AC-CE23-4E59-864E-91C49E046201}.Release|Any CPU.ActiveCfg = Release|Any CPU
		{550D97AC-CE23-4E59-864E-91C49E046201}.Release|Any CPU.Build.0 = Release|Any CPU
	EndGlobalSection
	GlobalSection(SolutionProperties) = preSolution
		HideSolutionNode = FALSE
	EndGlobalSection
	GlobalSection(NestedProjects) = preSolution
		{F5D14C2E-892B-4EA1-B74E-9533339FBEB3} = {F6B160B9-A2DF-4DC6-B82B-94E178DB95EC}
	EndGlobalSection
EndGlobal
